{
  "originHash" : "af4081ebf88a2fbf3ebffc94402578ef82bee64ec4857d902c35f45a6f0cd5ce",
  "pins" : [
    {
      "identity" : "vitallens-core",
      "kind" : "remoteSourceControl",
      "location" : "https://github.com/Rouast-Labs/vitallens-core.git",
      "state" : {
        "revision" : "99e82656ca2778f907e234a9663aad0dd8258071",
        "version" : "0.2.5"
      }
    }
  ],
  "version" : 3
}
