{
  "originHash" : "a01f8dcf7bbd0c2b7050ba3b7141010d92c5abf5d9cf3f143d69ef12730f0519",
  "pins" : [
    {
      "identity" : "vitallens-core",
      "kind" : "remoteSourceControl",
      "location" : "https://github.com/Rouast-Labs/vitallens-core.git",
      "state" : {
        "revision" : "99e82656ca2778f907e234a9663aad0dd8258071",
        "version" : "0.2.5"
      }
    }
  ],
  "version" : 3
}
